
Microsoft Visual Studio Solution File, Format Version 12.00
# Visual Studio Version 16
VisualStudioVersion = 16.0.30517.126
MinimumVisualStudioVersion = 10.0.40219.1
Project("{8BC9CEB8-8B4A-11D0-8D11-00A0C91BC942}") = "CLIG_FRAME", "CLIG_FRAME\CLIG_FRAME.vcxproj", "{EA47B5AF-4DCB-4C3D-8D82-8902828E43BE}"
EndProject
Global
	GlobalSection(SolutionConfigurationPlatforms) = preSolution
		Debug|x64 = Debug|x64
		Debug|x86 = Debug|x86
		Release|x64 = Release|x64
		Release|x86 = Release|x86
	EndGlobalSection
	GlobalSection(ProjectConfigurationPlatforms) = postSolution
		{EA47B5AF-4DCB-4C3D-8D82-8902828E43BE}.Debug|x64.ActiveCfg = Debug|x64
		{EA47B5AF-4DCB-4C3D-8D82-8902828E43BE}.Debug|x64.Build.0 = Debug|x64
		{EA47B5AF-4DCB-4C3D-8D82-8902828E43BE}.Debug|x86.ActiveCfg = Debug|Win32
		{EA47B5AF-4DCB-4C3D-8D82-8902828E43BE}.Debug|x86.Build.0 = Debug|Win32
		{EA47B5AF-4DCB-4C3D-8D82-8902828E43BE}.Release|x64.ActiveCfg = Release|x64
		{EA47B5AF-4DCB-4C3D-8D82-8902828E43BE}.Release|x64.Build.0 = Release|x64
		{EA47B5AF-4DCB-4C3D-8D82-8902828E43BE}.Release|x86.ActiveCfg = Release|Win32
		{EA47B5AF-4DCB-4C3D-8D82-8902828E43BE}.Release|x86.Build.0 = Release|Win32
	EndGlobalSection
	GlobalSection(SolutionProperties) = preSolution
		HideSolutionNode = FALSE
	EndGlobalSection
	GlobalSection(ExtensibilityGlobals) = postSolution
		SolutionGuid = {CEE92645-2A03-4EE7-B219-DC4A87C73F6E}
	EndGlobalSection
EndGlobal
