<?xml version="1.0" encoding="utf-8"?>
<Project ToolsVersion="4.0" xmlns="http://schemas.microsoft.com/developer/msbuild/2003">
  <ItemGroup>
    <Filter Include="Source Files">
      <UniqueIdentifier>{4FC737F1-C7A5-4376-A066-2A32D752A2FF}</UniqueIdentifier>
      <Extensions>cpp;c;cc;cxx;c++;cppm;ixx;def;odl;idl;hpj;bat;asm;asmx</Extensions>
    </Filter>
    <Filter Include="Header Files">
      <UniqueIdentifier>{93995380-89BD-4b04-88EB-625FBE52EBFB}</UniqueIdentifier>
      <Extensions>h;hh;hpp;hxx;h++;hm;inl;inc;ipp;xsd</Extensions>
    </Filter>
    <Filter Include="Resource Files">
      <UniqueIdentifier>{67DA6AB6-F800-4c08-8B7A-83BB121AAD01}</UniqueIdentifier>
      <Extensions>rc;ico;cur;bmp;dlg;rc2;rct;bin;rgs;gif;jpg;jpeg;jpe;resx;tiff;tif;png;wav;mfcribbon-ms</Extensions>
    </Filter>
    <Filter Include="Lib">
      <UniqueIdentifier>{32644e1a-17af-4ea7-bc24-72f03e17815d}</UniqueIdentifier>
    </Filter>
    <Filter Include="GameApp">
      <UniqueIdentifier>{ae6ac5dd-e519-4943-ad71-705db08f3ef3}</UniqueIdentifier>
    </Filter>
    <Filter Include="GameScene">
      <UniqueIdentifier>{55f978eb-7070-4fb2-933e-634a9e151706}</UniqueIdentifier>
    </Filter>
  </ItemGroup>
  <ItemGroup>
    <ClInclude Include="Assets\Libs\MariaDB Connector C\include\mysql.h">
      <Filter>Lib</Filter>
    </ClInclude>
    <ClInclude Include="ButtonEvents.h">
      <Filter>Header Files</Filter>
    </ClInclude>
    <ClInclude Include="conioex.h">
      <Filter>Header Files</Filter>
    </ClInclude>
    <ClInclude Include="ConsolePrint.h">
      <Filter>Header Files</Filter>
    </ClInclude>
    <ClInclude Include="DatabaseManager.h">
      <Filter>Header Files</Filter>
    </ClInclude>
    <ClInclude Include="DeclaredValues.h">
      <Filter>Header Files</Filter>
    </ClInclude>
    <ClInclude Include="DefinedValues.h">
      <Filter>Header Files</Filter>
    </ClInclude>
    <ClInclude Include="GameApp.h">
      <Filter>Header Files</Filter>
    </ClInclude>
    <ClInclude Include="InputDispose.h">
      <Filter>Header Files</Filter>
    </ClInclude>
    <ClInclude Include="LogsOutput.h">
      <Filter>Header Files</Filter>
    </ClInclude>
    <ClInclude Include="SoundManager.h">
      <Filter>Header Files</Filter>
    </ClInclude>
    <ClInclude Include="Structs.h">
      <Filter>Header Files</Filter>
    </ClInclude>
    <ClInclude Include="Tools.h">
      <Filter>Header Files</Filter>
    </ClInclude>
    <ClInclude Include="UIObject.h">
      <Filter>Header Files</Filter>
    </ClInclude>
    <ClInclude Include="AppBtnEvent.h">
      <Filter>GameApp</Filter>
    </ClInclude>
    <ClInclude Include="AppDeclared.h">
      <Filter>GameApp</Filter>
    </ClInclude>
    <ClInclude Include="CustomizedApp.h">
      <Filter>GameApp</Filter>
    </ClInclude>
    <ClInclude Include="GameAppStructs.h">
      <Filter>GameApp</Filter>
    </ClInclude>
    <ClInclude Include="SceneManager.h">
      <Filter>GameApp</Filter>
    </ClInclude>
    <ClInclude Include="SceneNode.h">
      <Filter>GameApp</Filter>
    </ClInclude>
    <ClInclude Include="SpriteAnimator.h">
      <Filter>GameApp</Filter>
    </ClInclude>
    <ClInclude Include="UIObjDeclarer.h">
      <Filter>GameApp</Filter>
    </ClInclude>
    <ClInclude Include="AppTestScene.h">
      <Filter>GameScene</Filter>
    </ClInclude>
  </ItemGroup>
  <ItemGroup>
    <Library Include="Assets\Libs\MariaDB Connector C\lib\libmariadb.lib">
      <Filter>Lib</Filter>
    </Library>
  </ItemGroup>
  <ItemGroup>
    <ClCompile Include="ButtonEvents.cpp">
      <Filter>Source Files</Filter>
    </ClCompile>
    <ClCompile Include="ConsolePrint.cpp">
      <Filter>Source Files</Filter>
    </ClCompile>
    <ClCompile Include="DatabaseManager.cpp">
      <Filter>Source Files</Filter>
    </ClCompile>
    <ClCompile Include="DeclaredValuesGetter.cpp">
      <Filter>Source Files</Filter>
    </ClCompile>
    <ClCompile Include="GameApp.cpp">
      <Filter>Source Files</Filter>
    </ClCompile>
    <ClCompile Include="InputDispose.cpp">
      <Filter>Source Files</Filter>
    </ClCompile>
    <ClCompile Include="LogsOutput.cpp">
      <Filter>Source Files</Filter>
    </ClCompile>
    <ClCompile Include="Main.cpp">
      <Filter>Source Files</Filter>
    </ClCompile>
    <ClCompile Include="SoundManager.cpp">
      <Filter>Source Files</Filter>
    </ClCompile>
    <ClCompile Include="Tools.cpp">
      <Filter>Source Files</Filter>
    </ClCompile>
    <ClCompile Include="UIObject.cpp">
      <Filter>Source Files</Filter>
    </ClCompile>
    <ClCompile Include="AppBtnEvent.cpp">
      <Filter>GameApp</Filter>
    </ClCompile>
    <ClCompile Include="AppDeclared.cpp">
      <Filter>GameApp</Filter>
    </ClCompile>
    <ClCompile Include="CustomizedApp.cpp">
      <Filter>GameApp</Filter>
    </ClCompile>
    <ClCompile Include="SceneManager.cpp">
      <Filter>GameApp</Filter>
    </ClCompile>
    <ClCompile Include="SceneNode.cpp">
      <Filter>GameApp</Filter>
    </ClCompile>
    <ClCompile Include="SpriteAnimator.cpp">
      <Filter>GameApp</Filter>
    </ClCompile>
    <ClCompile Include="UIObjDeclarer.cpp">
      <Filter>GameApp</Filter>
    </ClCompile>
  </ItemGroup>
</Project>